
Microsoft Visual Studio Solution File, Format Version 12.00
# Visual Studio 15
VisualStudioVersion = 15.0.28307.757
MinimumVisualStudioVersion = 10.0.40219.1
Project("{FAE04EC0-301F-11D3-BF4B-00C04F79EFBC}") = "AnagramAnalyze", "AnagramAnalyze\AnagramAnalyze.csproj", "{5D4A77C9-C297-4D84-ABF3-F2D789D11B47}"
EndProject
Global
	GlobalSection(SolutionConfigurationPlatforms) = preSolution
		Debug|Any CPU = Debug|Any CPU
		Release|Any CPU = Release|Any CPU
	EndGlobalSection
	GlobalSection(ProjectConfigurationPlatforms) = postSolution
		{5D4A77C9-C297-4D84-ABF3-F2D789D11B47}.Debug|Any CPU.ActiveCfg = Debug|Any CPU
		{5D4A77C9-C297-4D84-ABF3-F2D789D11B47}.Debug|Any CPU.Build.0 = Debug|Any CPU
		{5D4A77C9-C297-4D84-ABF3-F2D789D11B47}.Release|Any CPU.ActiveCfg = Release|Any CPU
		{5D4A77C9-C297-4D84-ABF3-F2D789D11B47}.Release|Any CPU.Build.0 = Release|Any CPU
	EndGlobalSection
	GlobalSection(SolutionProperties) = preSolution
		HideSolutionNode = FALSE
	EndGlobalSection
	GlobalSection(ExtensibilityGlobals) = postSolution
		SolutionGuid = {58BC007B-29FA-4DA3-8EE5-43F69031C482}
	EndGlobalSection
EndGlobal
